
Microsoft Visual Studio Solution File, Format Version 12.00
# Visual Studio Version 17
VisualStudioVersion = 17.12.35506.116
MinimumVisualStudioVersion = 10.0.40219.1
Project("{FAE04EC0-301F-11D3-BF4B-00C04F79EFBC}") = "MoneyMicroservice", "MoneyMicroservice\MoneyMicroservice.csproj", "{063D69C0-9EA9-4FA1-8FC2-81DB45BE17A5}"
EndProject
Project("{FAE04EC0-301F-11D3-BF4B-00C04F79EFBC}") = "Contracts", "Contracts\Contracts.csproj", "{3A178644-E419-401B-B219-3D3AF918F117}"
EndProject
Project("{FAE04EC0-301F-11D3-BF4B-00C04F79EFBC}") = "ItemsMicroservice", "ItemsMicroservice\ItemsMicroservice.csproj", "{3D991D8F-795F-4659-8D4F-03B8CB01A21A}"
EndProject
Project("{FAE04EC0-301F-11D3-BF4B-00C04F79EFBC}") = "SagasMicroservice", "SagasMicroservice\SagasMicroservice.csproj", "{17B858D0-DEFE-45A9-87B3-30164BE80082}"
EndProject
Project("{FAE04EC0-301F-11D3-BF4B-00C04F79EFBC}") = "ApiGateway", "ApiGateway\ApiGateway.csproj", "{412AC9FB-7EAD-4BB5-A7F6-8553892B59B5}"
EndProject
Global
	GlobalSection(SolutionConfigurationPlatforms) = preSolution
		Debug|Any CPU = Debug|Any CPU
		Release|Any CPU = Release|Any CPU
	EndGlobalSection
	GlobalSection(ProjectConfigurationPlatforms) = postSolution
		{063D69C0-9EA9-4FA1-8FC2-81DB45BE17A5}.Debug|Any CPU.ActiveCfg = Debug|Any CPU
		{063D69C0-9EA9-4FA1-8FC2-81DB45BE17A5}.Debug|Any CPU.Build.0 = Debug|Any CPU
		{063D69C0-9EA9-4FA1-8FC2-81DB45BE17A5}.Release|Any CPU.ActiveCfg = Release|Any CPU
		{063D69C0-9EA9-4FA1-8FC2-81DB45BE17A5}.Release|Any CPU.Build.0 = Release|Any CPU
		{3A178644-E419-401B-B219-3D3AF918F117}.Debug|Any CPU.ActiveCfg = Debug|Any CPU
		{3A178644-E419-401B-B219-3D3AF918F117}.Debug|Any CPU.Build.0 = Debug|Any CPU
		{3A178644-E419-401B-B219-3D3AF918F117}.Release|Any CPU.ActiveCfg = Release|Any CPU
		{3A178644-E419-401B-B219-3D3AF918F117}.Release|Any CPU.Build.0 = Release|Any CPU
		{3D991D8F-795F-4659-8D4F-03B8CB01A21A}.Debug|Any CPU.ActiveCfg = Debug|Any CPU
		{3D991D8F-795F-4659-8D4F-03B8CB01A21A}.Debug|Any CPU.Build.0 = Debug|Any CPU
		{3D991D8F-795F-4659-8D4F-03B8CB01A21A}.Release|Any CPU.ActiveCfg = Release|Any CPU
		{3D991D8F-795F-4659-8D4F-03B8CB01A21A}.Release|Any CPU.Build.0 = Release|Any CPU
		{17B858D0-DEFE-45A9-87B3-30164BE80082}.Debug|Any CPU.ActiveCfg = Debug|Any CPU
		{17B858D0-DEFE-45A9-87B3-30164BE80082}.Debug|Any CPU.Build.0 = Debug|Any CPU
		{17B858D0-DEFE-45A9-87B3-30164BE80082}.Release|Any CPU.ActiveCfg = Release|Any CPU
		{17B858D0-DEFE-45A9-87B3-30164BE80082}.Release|Any CPU.Build.0 = Release|Any CPU
		{412AC9FB-7EAD-4BB5-A7F6-8553892B59B5}.Debug|Any CPU.ActiveCfg = Debug|Any CPU
		{412AC9FB-7EAD-4BB5-A7F6-8553892B59B5}.Debug|Any CPU.Build.0 = Debug|Any CPU
		{412AC9FB-7EAD-4BB5-A7F6-8553892B59B5}.Release|Any CPU.ActiveCfg = Release|Any CPU
		{412AC9FB-7EAD-4BB5-A7F6-8553892B59B5}.Release|Any CPU.Build.0 = Release|Any CPU
	EndGlobalSection
	GlobalSection(SolutionProperties) = preSolution
		HideSolutionNode = FALSE
	EndGlobalSection
EndGlobal
